{
  "version": 4,
  "terraform_version": "0.12.23",
  "serial": 3,
  "lineage": "662ace08-cb6b-50bb-aaa2-02e1229a5406",
  "outputs": {
    "BucketName": {
      "value": "la-terraform-30059",
      "type": "string"
    }
  },
  "resources": [
    {
      "module": "module.storage",
      "mode": "managed",
      "type": "aws_s3_bucket",
      "name": "tf_code",
      "provider": "provider.aws",
      "instances": [
        {
          "schema_version": 0,
          "attributes": {
            "acceleration_status": "",
            "acl": "private",
            "arn": "arn:aws:s3:::la-terraform-30059",
            "bucket": "la-terraform-30059",
            "bucket_domain_name": "la-terraform-30059.s3.amazonaws.com",
            "bucket_prefix": null,
            "bucket_regional_domain_name": "la-terraform-30059.s3.amazonaws.com",
            "cors_rule": [],
            "force_destroy": true,
            "grant": [],
            "hosted_zone_id": "Z3AQBSTGFYJSTF",
            "id": "la-terraform-30059",
            "lifecycle_rule": [],
            "logging": [],
            "object_lock_configuration": [],
            "policy": null,
            "region": "us-east-1",
            "replication_configuration": [],
            "request_payer": "BucketOwner",
            "server_side_encryption_configuration": [],
            "tags": {
              "Name": "tf_bucket"
            },
            "versioning": [
              {
                "enabled": false,
                "mfa_delete": false
              }
            ],
            "website": [],
            "website_domain": null,
            "website_endpoint": null
          },
          "private": "bnVsbA==",
          "dependencies": [
            "module.storage.random_id.tf_bucket_id"
          ]
        }
      ]
    },
    {
      "module": "module.storage",
      "mode": "managed",
      "type": "random_id",
      "name": "tf_bucket_id",
      "provider": "provider.random",
      "instances": [
        {
          "schema_version": 0,
          "attributes": {
            "b64": "dWs",
            "b64_std": "dWs=",
            "b64_url": "dWs",
            "byte_length": 2,
            "dec": "30059",
            "hex": "756b",
            "id": "dWs",
            "keepers": null,
            "prefix": null
          },
          "private": "bnVsbA=="
        }
      ]
    }
  ]
}
