{
    "version": 3,
    "terraform_version": "0.11.14",
    "serial": 6,
    "lineage": "5c8393da-cea4-9d7f-90ab-0daad8532798",
    "modules": [
        {
            "path": [
                "root"
            ],
            "outputs": {
                "public_sg": {
                    "sensitive": false,
                    "type": "string",
                    "value": "sg-03fe2802324598ea2"
                },
                "public_subnets": {
                    "sensitive": false,
                    "type": "list",
                    "value": [
                        "subnet-0828c369a55e0fed2",
                        "subnet-09da87083d3d1f845"
                    ]
                },
                "subnet_ips": {
                    "sensitive": false,
                    "type": "list",
                    "value": [
                        "10.123.102.0/24",
                        "10.123.10.0/24"
                    ]
                }
            },
            "resources": {
                "aws_default_route_table.tf_private_rt": {
                    "type": "aws_default_route_table",
                    "depends_on": [
                        "aws_vpc.tf_vpc"
                    ],
                    "primary": {
                        "id": "rtb-05158e1d02e484c56",
                        "attributes": {
                            "default_route_table_id": "rtb-05158e1d02e484c56",
                            "id": "rtb-05158e1d02e484c56",
                            "owner_id": "294442623867",
                            "propagating_vgws.#": "0",
                            "route.#": "0",
                            "tags.%": "1",
                            "tags.Name": "tf_private",
                            "vpc_id": "vpc-0ff267d31625b8e7d"
                        },
                        "meta": {},
                        "tainted": false
                    },
                    "deposed": [],
                    "provider": "provider.aws"
                },
                "aws_internet_gateway.tf_internet_gateway": {
                    "type": "aws_internet_gateway",
                    "depends_on": [
                        "aws_vpc.tf_vpc"
                    ],
                    "primary": {
                        "id": "igw-0c44a06d3afadaf8f",
                        "attributes": {
                            "id": "igw-0c44a06d3afadaf8f",
                            "owner_id": "294442623867",
                            "tags.%": "1",
                            "tags.Name": "tf_igw",
                            "vpc_id": "vpc-0ff267d31625b8e7d"
                        },
                        "meta": {},
                        "tainted": false
                    },
                    "deposed": [],
                    "provider": "provider.aws"
                },
                "aws_route_table.tf_public_rt": {
                    "type": "aws_route_table",
                    "depends_on": [
                        "aws_internet_gateway.tf_internet_gateway",
                        "aws_vpc.tf_vpc"
                    ],
                    "primary": {
                        "id": "rtb-0d178bf0fe46f6e46",
                        "attributes": {
                            "id": "rtb-0d178bf0fe46f6e46",
                            "owner_id": "294442623867",
                            "propagating_vgws.#": "0",
                            "route.#": "1",
                            "route.2352545827.cidr_block": "0.0.0.0/0",
                            "route.2352545827.egress_only_gateway_id": "",
                            "route.2352545827.gateway_id": "igw-0c44a06d3afadaf8f",
                            "route.2352545827.instance_id": "",
                            "route.2352545827.ipv6_cidr_block": "",
                            "route.2352545827.nat_gateway_id": "",
                            "route.2352545827.network_interface_id": "",
                            "route.2352545827.transit_gateway_id": "",
                            "route.2352545827.vpc_peering_connection_id": "",
                            "tags.%": "1",
                            "tags.Name": "tf_public",
                            "vpc_id": "vpc-0ff267d31625b8e7d"
                        },
                        "meta": {},
                        "tainted": false
                    },
                    "deposed": [],
                    "provider": "provider.aws"
                },
                "aws_route_table_association.tf_public_assoc.0": {
                    "type": "aws_route_table_association",
                    "depends_on": [
                        "aws_route_table.tf_public_rt",
                        "aws_subnet.tf_public_subnet",
                        "aws_subnet.tf_public_subnet.*"
                    ],
                    "primary": {
                        "id": "rtbassoc-0c72e37b5685eb214",
                        "attributes": {
                            "id": "rtbassoc-0c72e37b5685eb214",
                            "route_table_id": "rtb-0d178bf0fe46f6e46",
                            "subnet_id": "subnet-0828c369a55e0fed2"
                        },
                        "meta": {},
                        "tainted": false
                    },
                    "deposed": [],
                    "provider": "provider.aws"
                },
                "aws_route_table_association.tf_public_assoc.1": {
                    "type": "aws_route_table_association",
                    "depends_on": [
                        "aws_route_table.tf_public_rt",
                        "aws_subnet.tf_public_subnet",
                        "aws_subnet.tf_public_subnet.*"
                    ],
                    "primary": {
                        "id": "rtbassoc-0f07012964f8b5749",
                        "attributes": {
                            "id": "rtbassoc-0f07012964f8b5749",
                            "route_table_id": "rtb-0d178bf0fe46f6e46",
                            "subnet_id": "subnet-09da87083d3d1f845"
                        },
                        "meta": {},
                        "tainted": false
                    },
                    "deposed": [],
                    "provider": "provider.aws"
                },
                "aws_security_group.tf_public_sg": {
                    "type": "aws_security_group",
                    "depends_on": [
                        "aws_vpc.tf_vpc"
                    ],
                    "primary": {
                        "id": "sg-03fe2802324598ea2",
                        "attributes": {
                            "arn": "arn:aws:ec2:us-west-2:294442623867:security-group/sg-03fe2802324598ea2",
                            "description": "security group for the VPC",
                            "egress.#": "1",
                            "egress.3295201349.cidr_blocks.#": "1",
                            "egress.3295201349.cidr_blocks.0": "0.0.0.0/0",
                            "egress.3295201349.description": "",
                            "egress.3295201349.from_port": "0",
                            "egress.3295201349.ipv6_cidr_blocks.#": "0",
                            "egress.3295201349.prefix_list_ids.#": "0",
                            "egress.3295201349.protocol": "0",
                            "egress.3295201349.security_groups.#": "0",
                            "egress.3295201349.self": "false",
                            "egress.3295201349.to_port": "0",
                            "id": "sg-03fe2802324598ea2",
                            "ingress.#": "2",
                            "ingress.2214680975.cidr_blocks.#": "1",
                            "ingress.2214680975.cidr_blocks.0": "0.0.0.0/0",
                            "ingress.2214680975.description": "",
                            "ingress.2214680975.from_port": "80",
                            "ingress.2214680975.ipv6_cidr_blocks.#": "0",
                            "ingress.2214680975.prefix_list_ids.#": "0",
                            "ingress.2214680975.protocol": "tcp",
                            "ingress.2214680975.security_groups.#": "0",
                            "ingress.2214680975.self": "false",
                            "ingress.2214680975.to_port": "80",
                            "ingress.2541437006.cidr_blocks.#": "1",
                            "ingress.2541437006.cidr_blocks.0": "0.0.0.0/0",
                            "ingress.2541437006.description": "",
                            "ingress.2541437006.from_port": "22",
                            "ingress.2541437006.ipv6_cidr_blocks.#": "0",
                            "ingress.2541437006.prefix_list_ids.#": "0",
                            "ingress.2541437006.protocol": "tcp",
                            "ingress.2541437006.security_groups.#": "0",
                            "ingress.2541437006.self": "false",
                            "ingress.2541437006.to_port": "22",
                            "name": "tf_public_sg",
                            "owner_id": "294442623867",
                            "revoke_rules_on_delete": "false",
                            "tags.%": "0",
                            "vpc_id": "vpc-0ff267d31625b8e7d"
                        },
                        "meta": {
                            "e2bfb730-ecaa-11e6-8f88-34363bc7c4c0": {
                                "create": 600000000000,
                                "delete": 600000000000
                            },
                            "schema_version": "1"
                        },
                        "tainted": false
                    },
                    "deposed": [],
                    "provider": "provider.aws"
                },
                "aws_subnet.tf_public_subnet.0": {
                    "type": "aws_subnet",
                    "depends_on": [
                        "aws_vpc.tf_vpc",
                        "data.aws_availability_zones.available"
                    ],
                    "primary": {
                        "id": "subnet-0828c369a55e0fed2",
                        "attributes": {
                            "arn": "arn:aws:ec2:us-west-2:294442623867:subnet/subnet-0828c369a55e0fed2",
                            "assign_ipv6_address_on_creation": "false",
                            "availability_zone": "us-west-2a",
                            "availability_zone_id": "usw2-az2",
                            "cidr_block": "10.123.102.0/24",
                            "id": "subnet-0828c369a55e0fed2",
                            "ipv6_cidr_block": "",
                            "ipv6_cidr_block_association_id": "",
                            "map_public_ip_on_launch": "true",
                            "owner_id": "294442623867",
                            "tags.%": "1",
                            "tags.Name": "tf_public_1",
                            "vpc_id": "vpc-0ff267d31625b8e7d"
                        },
                        "meta": {
                            "e2bfb730-ecaa-11e6-8f88-34363bc7c4c0": {
                                "create": 600000000000,
                                "delete": 1200000000000
                            },
                            "schema_version": "1"
                        },
                        "tainted": false
                    },
                    "deposed": [],
                    "provider": "provider.aws"
                },
                "aws_subnet.tf_public_subnet.1": {
                    "type": "aws_subnet",
                    "depends_on": [
                        "aws_vpc.tf_vpc",
                        "data.aws_availability_zones.available"
                    ],
                    "primary": {
                        "id": "subnet-09da87083d3d1f845",
                        "attributes": {
                            "arn": "arn:aws:ec2:us-west-2:294442623867:subnet/subnet-09da87083d3d1f845",
                            "assign_ipv6_address_on_creation": "false",
                            "availability_zone": "us-west-2b",
                            "availability_zone_id": "usw2-az1",
                            "cidr_block": "10.123.10.0/24",
                            "id": "subnet-09da87083d3d1f845",
                            "ipv6_cidr_block": "",
                            "ipv6_cidr_block_association_id": "",
                            "map_public_ip_on_launch": "true",
                            "owner_id": "294442623867",
                            "tags.%": "1",
                            "tags.Name": "tf_public_2",
                            "vpc_id": "vpc-0ff267d31625b8e7d"
                        },
                        "meta": {
                            "e2bfb730-ecaa-11e6-8f88-34363bc7c4c0": {
                                "create": 600000000000,
                                "delete": 1200000000000
                            },
                            "schema_version": "1"
                        },
                        "tainted": false
                    },
                    "deposed": [],
                    "provider": "provider.aws"
                },
                "aws_vpc.tf_vpc": {
                    "type": "aws_vpc",
                    "depends_on": [],
                    "primary": {
                        "id": "vpc-0ff267d31625b8e7d",
                        "attributes": {
                            "arn": "arn:aws:ec2:us-west-2:294442623867:vpc/vpc-0ff267d31625b8e7d",
                            "assign_generated_ipv6_cidr_block": "false",
                            "cidr_block": "10.123.0.0/16",
                            "default_network_acl_id": "acl-0292f7175fa9919b8",
                            "default_route_table_id": "rtb-05158e1d02e484c56",
                            "default_security_group_id": "sg-0cae0241420861815",
                            "dhcp_options_id": "dopt-089b1484943b8cb3f",
                            "enable_classiclink": "false",
                            "enable_classiclink_dns_support": "false",
                            "enable_dns_hostnames": "true",
                            "enable_dns_support": "true",
                            "id": "vpc-0ff267d31625b8e7d",
                            "instance_tenancy": "default",
                            "ipv6_association_id": "",
                            "ipv6_cidr_block": "",
                            "main_route_table_id": "rtb-05158e1d02e484c56",
                            "owner_id": "294442623867",
                            "tags.%": "1",
                            "tags.Name": "tf_vpc"
                        },
                        "meta": {
                            "schema_version": "1"
                        },
                        "tainted": false
                    },
                    "deposed": [],
                    "provider": "provider.aws"
                },
                "data.aws_availability_zones.available": {
                    "type": "aws_availability_zones",
                    "depends_on": [],
                    "primary": {
                        "id": "2020-03-08 15:38:26.5772979 +0000 UTC",
                        "attributes": {
                            "id": "2020-03-08 15:38:26.5772979 +0000 UTC",
                            "names.#": "4",
                            "names.0": "us-west-2a",
                            "names.1": "us-west-2b",
                            "names.2": "us-west-2c",
                            "names.3": "us-west-2d",
                            "zone_ids.#": "4",
                            "zone_ids.0": "usw2-az2",
                            "zone_ids.1": "usw2-az1",
                            "zone_ids.2": "usw2-az3",
                            "zone_ids.3": "usw2-az4"
                        },
                        "meta": {},
                        "tainted": false
                    },
                    "deposed": [],
                    "provider": "provider.aws"
                }
            },
            "depends_on": []
        }
    ]
}
