{
    "version": 3,
    "terraform_version": "0.11.14",
    "serial": 2,
    "lineage": "04e1aa57-4a1a-acfa-da7c-2bc44eee22ac",
    "modules": [
        {
            "path": [
                "root"
            ],
            "outputs": {
                "fingerprint": {
                    "sensitive": false,
                    "type": "string",
                    "value": "2b:c9:52:d4:04:72:30:c8:b7:48:18:b0:6c:81:3c:2e"
                },
                "key_pair_id": {
                    "sensitive": false,
                    "type": "string",
                    "value": "key-0dc62e80427ae6931"
                }
            },
            "resources": {
                "aws_key_pair.tf_auth": {
                    "type": "aws_key_pair",
                    "depends_on": [],
                    "primary": {
                        "id": "tf_key",
                        "attributes": {
                            "fingerprint": "2b:c9:52:d4:04:72:30:c8:b7:48:18:b0:6c:81:3c:2e",
                            "id": "tf_key",
                            "key_name": "tf_key",
                            "key_pair_id": "key-0dc62e80427ae6931",
                            "public_key": "ssh-rsa AAAAB3NzaC1yc2EAAAADAQABAAACAQC/sHrKUcI+Bw8D5G5bgRNyr5Coot5ij9F5umb9L979tt7y1so9A890qE2aeYHQ/L2lc3NcgNWnACVqzb7wXkSSlxCtd3zc3sp0yN3/ZYDF7p7QSNHffg23F4i34A6ELojSag+aXz2GXUpBHLhmmt5YUxRFPwdNUn7iKbK8w9IAJfPDGtVGMC+w40oaMns1IWbUigyIQsSh+SP6Q0SIFleZEVe1nnK7k5mBho/K+vVAYtDIsonlRN8vWJwGOqY7rTeL9pzClRyY3EWq9FprlQipuc/5GCNtD2Lo+K7DDqywz70vFakhl9/6KPBbHYA25uwdZMZWkaVNEHNbi0/Y08xqRYGyNFAqDOc3tJ8ReSGIpXglnUbp8t5SGTKxx6kWPxm63A6npytR/URMhj6OPENyCC8tY5ORB5uMi5lrHEnnB3qtkJPzEflc9iRCLvaL5YAkRdf4tYxZQj/ju65SnWHeEU1hhmMVBirNPtK43NVwDiVlLyg6fQ+eckU9f5mHwsBDG7L6IEWJwKiZGr2vcnNQuQUqANk6VvE0ap+QnmyITEevKQeNGbJx6T3RLJwDJN4YKbRubji3KVuQkQN5B147hMNMxkkPEf/9gcXJUPa7CRU+awU3h/jR01rOgIWDb8k1VehfGCmjtOev2VyMYkiSLXD60ujzezwXO5Iw9ZBa+w== chini@CBISWAL-DL3590",
                            "tags.%": "0"
                        },
                        "meta": {
                            "schema_version": "1"
                        },
                        "tainted": false
                    },
                    "deposed": [],
                    "provider": "provider.aws"
                },
                "data.aws_ami.server_ami": {
                    "type": "aws_ami",
                    "depends_on": [],
                    "primary": {
                        "id": "ami-079f731edfe27c29c",
                        "attributes": {
                            "architecture": "x86_64",
                            "block_device_mappings.#": "1",
                            "block_device_mappings.340275815.device_name": "/dev/xvda",
                            "block_device_mappings.340275815.ebs.%": "6",
                            "block_device_mappings.340275815.ebs.delete_on_termination": "true",
                            "block_device_mappings.340275815.ebs.encrypted": "false",
                            "block_device_mappings.340275815.ebs.iops": "0",
                            "block_device_mappings.340275815.ebs.snapshot_id": "snap-0b38a964a57995a03",
                            "block_device_mappings.340275815.ebs.volume_size": "8",
                            "block_device_mappings.340275815.ebs.volume_type": "gp2",
                            "block_device_mappings.340275815.no_device": "",
                            "block_device_mappings.340275815.virtual_name": "",
                            "creation_date": "2020-02-08T01:22:04.000Z",
                            "description": "Amazon Linux AMI 2018.03.0.20200206.0 x86_64 HVM gp2",
                            "filter.#": "1",
                            "filter.3169420402.name": "name",
                            "filter.3169420402.values.#": "1",
                            "filter.3169420402.values.0": "amzn-ami-hvm-*-x86_64-gp2",
                            "hypervisor": "xen",
                            "id": "ami-079f731edfe27c29c",
                            "image_id": "ami-079f731edfe27c29c",
                            "image_location": "amazon/amzn-ami-hvm-2018.03.0.20200206.0-x86_64-gp2",
                            "image_owner_alias": "amazon",
                            "image_type": "machine",
                            "most_recent": "true",
                            "name": "amzn-ami-hvm-2018.03.0.20200206.0-x86_64-gp2",
                            "owner_id": "137112412989",
                            "owners.#": "1",
                            "owners.0": "amazon",
                            "product_codes.#": "0",
                            "public": "true",
                            "root_device_name": "/dev/xvda",
                            "root_device_type": "ebs",
                            "root_snapshot_id": "snap-0b38a964a57995a03",
                            "sriov_net_support": "simple",
                            "state": "available",
                            "state_reason.%": "2",
                            "state_reason.code": "UNSET",
                            "state_reason.message": "UNSET",
                            "tags.%": "0",
                            "virtualization_type": "hvm"
                        },
                        "meta": {},
                        "tainted": false
                    },
                    "deposed": [],
                    "provider": "provider.aws"
                }
            },
            "depends_on": []
        }
    ]
}
